
Microsoft Visual Studio Solution File, Format Version 12.00
# Visual Studio Version 17
VisualStudioVersion = 17.4.33205.214
MinimumVisualStudioVersion = 10.0.40219.1
Project("{888888A0-9F3D-457C-B088-3A5042F75D52}") = "Mustrid", "Mustrid.pyproj", "{79BA86F5-00E9-457A-859C-F2F47782ABA4}"
EndProject
Global
	GlobalSection(SolutionConfigurationPlatforms) = preSolution
		Debug|Any CPU = Debug|Any CPU
		Release|Any CPU = Release|Any CPU
	EndGlobalSection
	GlobalSection(ProjectConfigurationPlatforms) = postSolution
		{79BA86F5-00E9-457A-859C-F2F47782ABA4}.Debug|Any CPU.ActiveCfg = Debug|Any CPU
		{79BA86F5-00E9-457A-859C-F2F47782ABA4}.Release|Any CPU.ActiveCfg = Release|Any CPU
	EndGlobalSection
	GlobalSection(SolutionProperties) = preSolution
		HideSolutionNode = FALSE
	EndGlobalSection
	GlobalSection(ExtensibilityGlobals) = postSolution
		SolutionGuid = {B21AF9B4-4818-4BEC-861A-F8B417A568CF}
	EndGlobalSection
EndGlobal
